
Microsoft Visual Studio Solution File, Format Version 12.00
# Visual Studio Version 17
VisualStudioVersion = 17.5.002.0
MinimumVisualStudioVersion = 10.0.40219.1
Project("{9A19103F-16F7-4668-BE54-9A1E7A4F7556}") = "PowerPagesActionsAdapter", "PowerPagesActionsAdapter\PowerPagesActionsAdapter.csproj", "{7CBBF69D-5B8F-4290-A49C-DA11DD21E109}"
EndProject
Project("{FAE04EC0-301F-11D3-BF4B-00C04F79EFBC}") = "PowerPagesActionsAdapterTests", "PowerPagesActionsAdapterTests\PowerPagesActionsAdapterTests.csproj", "{433514B8-2EAE-423D-AD5A-12999119B59F}"
EndProject
Global
	GlobalSection(SolutionConfigurationPlatforms) = preSolution
		Debug|Any CPU = Debug|Any CPU
		Release|Any CPU = Release|Any CPU
	EndGlobalSection
	GlobalSection(ProjectConfigurationPlatforms) = postSolution
		{7CBBF69D-5B8F-4290-A49C-DA11DD21E109}.Debug|Any CPU.ActiveCfg = Debug|Any CPU
		{7CBBF69D-5B8F-4290-A49C-DA11DD21E109}.Debug|Any CPU.Build.0 = Debug|Any CPU
		{7CBBF69D-5B8F-4290-A49C-DA11DD21E109}.Release|Any CPU.ActiveCfg = Release|Any CPU
		{7CBBF69D-5B8F-4290-A49C-DA11DD21E109}.Release|Any CPU.Build.0 = Release|Any CPU
		{433514B8-2EAE-423D-AD5A-12999119B59F}.Debug|Any CPU.ActiveCfg = Debug|Any CPU
		{433514B8-2EAE-423D-AD5A-12999119B59F}.Debug|Any CPU.Build.0 = Debug|Any CPU
		{433514B8-2EAE-423D-AD5A-12999119B59F}.Release|Any CPU.ActiveCfg = Release|Any CPU
		{433514B8-2EAE-423D-AD5A-12999119B59F}.Release|Any CPU.Build.0 = Release|Any CPU
	EndGlobalSection
	GlobalSection(SolutionProperties) = preSolution
		HideSolutionNode = FALSE
	EndGlobalSection
	GlobalSection(ExtensibilityGlobals) = postSolution
		SolutionGuid = {11EFC51A-FF36-4A60-A0AD-B020AC1D6F82}
	EndGlobalSection
EndGlobal
